
Microsoft Visual Studio Solution File, Format Version 12.00
# Visual Studio 15
VisualStudioVersion = 15.0.27004.2005
MinimumVisualStudioVersion = 10.0.40219.1
Project("{FAE04EC0-301F-11D3-BF4B-00C04F79EFBC}") = "StudentInfo.Users", "StudentInfo.Users\StudentInfo.Users.csproj", "{15BB1717-7224-48D9-9B30-FAB987B6DC27}"
EndProject
Project("{FAE04EC0-301F-11D3-BF4B-00C04F79EFBC}") = "StudentInfo.Web", "StudentInfo.Web\StudentInfo.Web.csproj", "{2AA12FE2-2569-4E13-A1D1-EDADD47611BC}"
EndProject
Project("{FAE04EC0-301F-11D3-BF4B-00C04F79EFBC}") = "StudentInfo.Web.UnitTests", "StudentInfo.Web.UnitTests\StudentInfo.Web.UnitTests.csproj", "{4CCFC2A5-C4A9-48A9-B6D0-EC1830BDA530}"
EndProject
Project("{FAE04EC0-301F-11D3-BF4B-00C04F79EFBC}") = "StudentInfo.WebClient", "StudentInfo.WebClient\StudentInfo.WebClient.csproj", "{C3CABE6A-5517-4DCA-A033-18B346781F3C}"
EndProject
Project("{FAE04EC0-301F-11D3-BF4B-00C04F79EFBC}") = "StudentInfo.WebClient.UnitTests", "StudentInfo.WebClient.UnitTests\StudentInfo.WebClient.UnitTests.csproj", "{98783004-58E5-42F4-BA66-06BFBEE972A1}"
EndProject
Project("{2150E333-8FDC-42A3-9474-1A3956D46DE8}") = "Database", "Database", "{328B71A8-0110-4CBD-A5CD-A24DFAA04C37}"
EndProject
Project("{00D1A9C2-B5F0-4AF3-8072-F6C62B433612}") = "StudentInfo.Database", "StudentInfo.Database\StudentInfo.Database.sqlproj", "{5EF27A05-5A91-4907-A73D-7E5EE4797F9B}"
EndProject
Project("{FAE04EC0-301F-11D3-BF4B-00C04F79EFBC}") = "StudentInfo.Enums", "StudentInfo.Enums\StudentInfo.Enums.csproj", "{B6A408CC-9C4C-4DC2-86B5-BB8102D9E07D}"
EndProject
Project("{FAE04EC0-301F-11D3-BF4B-00C04F79EFBC}") = "StudentInfo.Data", "StudentInfo.Data\StudentInfo.Data.csproj", "{39A85BCA-6BF0-4796-8C9D-004316095F6F}"
EndProject
Project("{FAE04EC0-301F-11D3-BF4B-00C04F79EFBC}") = "StudentInfo.Data.UserDbContext", "StudentInfo.Data.UserDbContext\StudentInfo.Data.UserDbContext.csproj", "{83F6F84E-E09A-48DE-B49D-9EE66BBBB242}"
EndProject
Global
	GlobalSection(SolutionConfigurationPlatforms) = preSolution
		Debug|Any CPU = Debug|Any CPU
		Release|Any CPU = Release|Any CPU
	EndGlobalSection
	GlobalSection(ProjectConfigurationPlatforms) = postSolution
		{15BB1717-7224-48D9-9B30-FAB987B6DC27}.Debug|Any CPU.ActiveCfg = Debug|Any CPU
		{15BB1717-7224-48D9-9B30-FAB987B6DC27}.Debug|Any CPU.Build.0 = Debug|Any CPU
		{15BB1717-7224-48D9-9B30-FAB987B6DC27}.Release|Any CPU.ActiveCfg = Release|Any CPU
		{15BB1717-7224-48D9-9B30-FAB987B6DC27}.Release|Any CPU.Build.0 = Release|Any CPU
		{2AA12FE2-2569-4E13-A1D1-EDADD47611BC}.Debug|Any CPU.ActiveCfg = Debug|Any CPU
		{2AA12FE2-2569-4E13-A1D1-EDADD47611BC}.Debug|Any CPU.Build.0 = Debug|Any CPU
		{2AA12FE2-2569-4E13-A1D1-EDADD47611BC}.Release|Any CPU.ActiveCfg = Release|Any CPU
		{2AA12FE2-2569-4E13-A1D1-EDADD47611BC}.Release|Any CPU.Build.0 = Release|Any CPU
		{4CCFC2A5-C4A9-48A9-B6D0-EC1830BDA530}.Debug|Any CPU.ActiveCfg = Debug|Any CPU
		{4CCFC2A5-C4A9-48A9-B6D0-EC1830BDA530}.Debug|Any CPU.Build.0 = Debug|Any CPU
		{4CCFC2A5-C4A9-48A9-B6D0-EC1830BDA530}.Release|Any CPU.ActiveCfg = Release|Any CPU
		{4CCFC2A5-C4A9-48A9-B6D0-EC1830BDA530}.Release|Any CPU.Build.0 = Release|Any CPU
		{C3CABE6A-5517-4DCA-A033-18B346781F3C}.Debug|Any CPU.ActiveCfg = Debug|Any CPU
		{C3CABE6A-5517-4DCA-A033-18B346781F3C}.Debug|Any CPU.Build.0 = Debug|Any CPU
		{C3CABE6A-5517-4DCA-A033-18B346781F3C}.Release|Any CPU.ActiveCfg = Release|Any CPU
		{C3CABE6A-5517-4DCA-A033-18B346781F3C}.Release|Any CPU.Build.0 = Release|Any CPU
		{98783004-58E5-42F4-BA66-06BFBEE972A1}.Debug|Any CPU.ActiveCfg = Debug|Any CPU
		{98783004-58E5-42F4-BA66-06BFBEE972A1}.Debug|Any CPU.Build.0 = Debug|Any CPU
		{98783004-58E5-42F4-BA66-06BFBEE972A1}.Release|Any CPU.ActiveCfg = Release|Any CPU
		{98783004-58E5-42F4-BA66-06BFBEE972A1}.Release|Any CPU.Build.0 = Release|Any CPU
		{5EF27A05-5A91-4907-A73D-7E5EE4797F9B}.Debug|Any CPU.ActiveCfg = Debug|Any CPU
		{5EF27A05-5A91-4907-A73D-7E5EE4797F9B}.Debug|Any CPU.Build.0 = Debug|Any CPU
		{5EF27A05-5A91-4907-A73D-7E5EE4797F9B}.Debug|Any CPU.Deploy.0 = Debug|Any CPU
		{5EF27A05-5A91-4907-A73D-7E5EE4797F9B}.Release|Any CPU.ActiveCfg = Release|Any CPU
		{5EF27A05-5A91-4907-A73D-7E5EE4797F9B}.Release|Any CPU.Build.0 = Release|Any CPU
		{5EF27A05-5A91-4907-A73D-7E5EE4797F9B}.Release|Any CPU.Deploy.0 = Release|Any CPU
		{B6A408CC-9C4C-4DC2-86B5-BB8102D9E07D}.Debug|Any CPU.ActiveCfg = Debug|Any CPU
		{B6A408CC-9C4C-4DC2-86B5-BB8102D9E07D}.Debug|Any CPU.Build.0 = Debug|Any CPU
		{B6A408CC-9C4C-4DC2-86B5-BB8102D9E07D}.Release|Any CPU.ActiveCfg = Release|Any CPU
		{B6A408CC-9C4C-4DC2-86B5-BB8102D9E07D}.Release|Any CPU.Build.0 = Release|Any CPU
		{39A85BCA-6BF0-4796-8C9D-004316095F6F}.Debug|Any CPU.ActiveCfg = Debug|Any CPU
		{39A85BCA-6BF0-4796-8C9D-004316095F6F}.Debug|Any CPU.Build.0 = Debug|Any CPU
		{39A85BCA-6BF0-4796-8C9D-004316095F6F}.Release|Any CPU.ActiveCfg = Release|Any CPU
		{39A85BCA-6BF0-4796-8C9D-004316095F6F}.Release|Any CPU.Build.0 = Release|Any CPU
		{83F6F84E-E09A-48DE-B49D-9EE66BBBB242}.Debug|Any CPU.ActiveCfg = Debug|Any CPU
		{83F6F84E-E09A-48DE-B49D-9EE66BBBB242}.Debug|Any CPU.Build.0 = Debug|Any CPU
		{83F6F84E-E09A-48DE-B49D-9EE66BBBB242}.Release|Any CPU.ActiveCfg = Release|Any CPU
		{83F6F84E-E09A-48DE-B49D-9EE66BBBB242}.Release|Any CPU.Build.0 = Release|Any CPU
	EndGlobalSection
	GlobalSection(SolutionProperties) = preSolution
		HideSolutionNode = FALSE
	EndGlobalSection
	GlobalSection(NestedProjects) = preSolution
		{5EF27A05-5A91-4907-A73D-7E5EE4797F9B} = {328B71A8-0110-4CBD-A5CD-A24DFAA04C37}
	EndGlobalSection
	GlobalSection(ExtensibilityGlobals) = postSolution
		SolutionGuid = {B0358F96-A414-45AE-B1C7-07A9BF126297}
	EndGlobalSection
EndGlobal
